// !$*UTF8*$!
{
	archiveVersion = 1;
	classes = {
	};
	objectVersion = 50;
	objects = {

/* Begin PBXBuildFile section */
		99EC31E526E5B01400A65FC9 /* Firey_Flag_RaisingApp.swift in Sources */ = {isa = PBXBuildFile; fileRef = 99EC31E426E5B01400A65FC9 /* Firey_Flag_RaisingApp.swift */; };
		99EC31E726E5B01400A65FC9 /* ContentView.swift in Sources */ = {isa = PBXBuildFile; fileRef = 99EC31E626E5B01400A65FC9 /* ContentView.swift */; };
		99EC31E926E5B01900A65FC9 /* Assets.xcassets in Resources */ = {isa = PBXBuildFile; fileRef = 99EC31E826E5B01900A65FC9 /* Assets.xcassets */; };
		99EC31EC26E5B01900A65FC9 /* Preview Assets.xcassets in Resources */ = {isa = PBXBuildFile; fileRef = 99EC31EB26E5B01900A65FC9 /* Preview Assets.xcassets */; };
		99EC31F426E5B04000A65FC9 /* FlagRaisingView.swift in Sources */ = {isa = PBXBuildFile; fileRef = 99EC31F326E5B04000A65FC9 /* FlagRaisingView.swift */; };
		99EC31F626E5B05000A65FC9 /* FlagSelectorView.swift in Sources */ = {isa = PBXBuildFile; fileRef = 99EC31F526E5B05000A65FC9 /* FlagSelectorView.swift */; };
/* End PBXBuildFile section */

/* Begin PBXFileReference section */
		99EC31E126E5B01400A65FC9 /* Firey Flag Raising.app */ = {isa = PBXFileReference; explicitFileType = wrapper.application; includeInIndex = 0; path = "Firey Flag Raising.app"; sourceTree = BUILT_PRODUCTS_DIR; };
		99EC31E426E5B01400A65FC9 /* Firey_Flag_RaisingApp.swift */ = {isa = PBXFileReference; lastKnownFileType = sourcecode.swift; path = Firey_Flag_RaisingApp.swift; sourceTree = "<group>"; };
		99EC31E626E5B01400A65FC9 /* ContentView.swift */ = {isa = PBXFileReference; lastKnownFileType = sourcecode.swift; path = ContentView.swift; sourceTree = "<group>"; };
		99EC31E826E5B01900A65FC9 /* Assets.xcassets */ = {isa = PBXFileReference; lastKnownFileType = folder.assetcatalog; path = Assets.xcassets; sourceTree = "<group>"; };
		99EC31EB26E5B01900A65FC9 /* Preview Assets.xcassets */ = {isa = PBXFileReference; lastKnownFileType = folder.assetcatalog; path = "Preview Assets.xcassets"; sourceTree = "<group>"; };
		99EC31ED26E5B01900A65FC9 /* Info.plist */ = {isa = PBXFileReference; lastKnownFileType = text.plist.xml; path = Info.plist; sourceTree = "<group>"; };
		99EC31F326E5B04000A65FC9 /* FlagRaisingView.swift */ = {isa = PBXFileReference; lastKnownFileType = sourcecode.swift; path = FlagRaisingView.swift; sourceTree = "<group>"; };
		99EC31F526E5B05000A65FC9 /* FlagSelectorView.swift */ = {isa = PBXFileReference; lastKnownFileType = sourcecode.swift; path = FlagSelectorView.swift; sourceTree = "<group>"; };
/* End PBXFileReference section */

/* Begin PBXFrameworksBuildPhase section */
		99EC31DE26E5B01400A65FC9 /* Frameworks */ = {
			isa = PBXFrameworksBuildPhase;
			buildActionMask = 2147483647;
			files = (
			);
			runOnlyForDeploymentPostprocessing = 0;
		};
/* End PBXFrameworksBuildPhase section */

/* Begin PBXGroup section */
		99EC31D826E5B01400A65FC9 = {
			isa = PBXGroup;
			children = (
				99EC31E326E5B01400A65FC9 /* Firey Flag Raising */,
				99EC31E226E5B01400A65FC9 /* Products */,
			);
			sourceTree = "<group>";
		};
		99EC31E226E5B01400A65FC9 /* Products */ = {
			isa = PBXGroup;
			children = (
				99EC31E126E5B01400A65FC9 /* Firey Flag Raising.app */,
			);
			name = Products;
			sourceTree = "<group>";
		};
		99EC31E326E5B01400A65FC9 /* Firey Flag Raising */ = {
			isa = PBXGroup;
			children = (
				99EC31E426E5B01400A65FC9 /* Firey_Flag_RaisingApp.swift */,
				99EC31E626E5B01400A65FC9 /* ContentView.swift */,
				99EC31F326E5B04000A65FC9 /* FlagRaisingView.swift */,
				99EC31F526E5B05000A65FC9 /* FlagSelectorView.swift */,
				99EC31E826E5B01900A65FC9 /* Assets.xcassets */,
				99EC31ED26E5B01900A65FC9 /* Info.plist */,
				99EC31EA26E5B01900A65FC9 /* Preview Content */,
			);
			path = "Firey Flag Raising";
			sourceTree = "<group>";
		};
		99EC31EA26E5B01900A65FC9 /* Preview Content */ = {
			isa = PBXGroup;
			children = (
				99EC31EB26E5B01900A65FC9 /* Preview Assets.xcassets */,
			);
			path = "Preview Content";
			sourceTree = "<group>";
		};
/* End PBXGroup section */

/* Begin PBXNativeTarget section */
		99EC31E026E5B01400A65FC9 /* Firey Flag Raising */ = {
			isa = PBXNativeTarget;
			buildConfigurationList = 99EC31F026E5B01900A65FC9 /* Build configuration list for PBXNativeTarget "Firey Flag Raising" */;
			buildPhases = (
				99EC31DD26E5B01400A65FC9 /* Sources */,
				99EC31DE26E5B01400A65FC9 /* Frameworks */,
				99EC31DF26E5B01400A65FC9 /* Resources */,
			);
			buildRules = (
			);
			dependencies = (
			);
			name = "Firey Flag Raising";
			productName = "Firey Flag Raising";
			productReference = 99EC31E126E5B01400A65FC9 /* Firey Flag Raising.app */;
			productType = "com.apple.product-type.application";
		};
/* End PBXNativeTarget section */

/* Begin PBXProject section */
		99EC31D926E5B01400A65FC9 /* Project object */ = {
			isa = PBXProject;
			attributes = {
				LastSwiftUpdateCheck = 1250;
				LastUpgradeCheck = 1250;
				TargetAttributes = {
					99EC31E026E5B01400A65FC9 = {
						CreatedOnToolsVersion = 12.5;
					};
				};
			};
			buildConfigurationList = 99EC31DC26E5B01400A65FC9 /* Build configuration list for PBXProject "Firey Flag Raising" */;
			compatibilityVersion = "Xcode 9.3";
			developmentRegion = en;
			hasScannedForEncodings = 0;
			knownRegions = (
				en,
				Base,
			);
			mainGroup = 99EC31D826E5B01400A65FC9;
			productRefGroup = 99EC31E226E5B01400A65FC9 /* Products */;
			projectDirPath = "";
			projectRoot = "";
			targets = (
				99EC31E026E5B01400A65FC9 /* Firey Flag Raising */,
			);
		};
/* End PBXProject section */

/* Begin PBXResourcesBuildPhase section */
		99EC31DF26E5B01400A65FC9 /* Resources */ = {
			isa = PBXResourcesBuildPhase;
			buildActionMask = 2147483647;
			files = (
				99EC31EC26E5B01900A65FC9 /* Preview Assets.xcassets in Resources */,
				99EC31E926E5B01900A65FC9 /* Assets.xcassets in Resources */,
			);
			runOnlyForDeploymentPostprocessing = 0;
		};
/* End PBXResourcesBuildPhase section */

/* Begin PBXSourcesBuildPhase section */
		99EC31DD26E5B01400A65FC9 /* Sources */ = {
			isa = PBXSourcesBuildPhase;
			buildActionMask = 2147483647;
			files = (
				99EC31E726E5B01400A65FC9 /* ContentView.swift in Sources */,
				99EC31E526E5B01400A65FC9 /* Firey_Flag_RaisingApp.swift in Sources */,
				99EC31F426E5B04000A65FC9 /* FlagRaisingView.swift in Sources */,
				99EC31F626E5B05000A65FC9 /* FlagSelectorView.swift in Sources */,
			);
			runOnlyForDeploymentPostprocessing = 0;
		};
/* End PBXSourcesBuildPhase section */

/* Begin XCBuildConfiguration section */
		99EC31EE26E5B01900A65FC9 /* Debug */ = {
			isa = XCBuildConfiguration;
			buildSettings = {
				ALWAYS_SEARCH_USER_PATHS = NO;
				CLANG_ANALYZER_NONNULL = YES;
				CLANG_ANALYZER_NUMBER_OBJECT_CONVERSION = YES_AGGRESSIVE;
				CLANG_CXX_LANGUAGE_STANDARD = "gnu++14";
				CLANG_CXX_LIBRARY = "libc++";
				CLANG_ENABLE_MODULES = YES;
				CLANG_ENABLE_OBJC_ARC = YES;
				CLANG_ENABLE_OBJC_WEAK = YES;
				CLANG_WARN_BLOCK_CAPTURE_AUTORELEASING = YES;
				CLANG_WARN_BOOL_CONVERSION = YES;
				CLANG_WARN_COMMA = YES;
				CLANG_WARN_CONSTANT_CONVERSION = YES;
				CLANG_WARN_DEPRECATED_OBJC_IMPLEMENTATIONS = YES;
				CLANG_WARN_DIRECT_OBJC_ISA_USAGE = YES_ERROR;
				CLANG_WARN_DOCUMENTATION_COMMENTS = YES;
				CLANG_WARN_EMPTY_BODY = YES;
				CLANG_WARN_ENUM_CONVERSION = YES;
				CLANG_WARN_INFINITE_RECURSION = YES;
				CLANG_WARN_INT_CONVERSION = YES;
				CLANG_WARN_NON_LITERAL_NULL_CONVERSION = YES;
				CLANG_WARN_OBJC_IMPLICIT_RETAIN_SELF = YES;
				CLANG_WARN_OBJC_LITERAL_CONVERSION = YES;
				CLANG_WARN_OBJC_ROOT_CLASS = YES_ERROR;
				CLANG_WARN_QUOTED_INCLUDE_IN_FRAMEWORK_HEADER = YES;
				CLANG_WARN_RANGE_LOOP_ANALYSIS = YES;
				CLANG_WARN_STRICT_PROTOTYPES = YES;
				CLANG_WARN_SUSPICIOUS_MOVE = YES;
				CLANG_WARN_UNGUARDED_AVAILABILITY = YES_AGGRESSIVE;
				CLANG_WARN_UNREACHABLE_CODE = YES;
				CLANG_WARN__DUPLICATE_METHOD_MATCH = YES;
				COPY_PHASE_STRIP = NO;
				DEBUG_INFORMATION_FORMAT = dwarf;
				ENABLE_STRICT_OBJC_MSGSEND = YES;
				ENABLE_TESTABILITY = YES;
				GCC_C_LANGUAGE_STANDARD = gnu11;
				GCC_DYNAMIC_NO_PIC = NO;
				GCC_NO_COMMON_BLOCKS = YES;
				GCC_OPTIMIZATION_LEVEL = 0;
				GCC_PREPROCESSOR_DEFINITIONS = (
					"DEBUG=1",
					"$(inherited)",
				);
				GCC_WARN_64_TO_32_BIT_CONVERSION = YES;
				GCC_WARN_ABOUT_RETURN_TYPE = YES_ERROR;
				GCC_WARN_UNDECLARED_SELECTOR = YES;
				GCC_WARN_UNINITIALIZED_AUTOS = YES_AGGRESSIVE;
				GCC_WARN_UNUSED_FUNCTION = YES;
				GCC_WARN_UNUSED_VARIABLE = YES;
				IPHONEOS_DEPLOYMENT_TARGET = 14.5;
				MTL_ENABLE_DEBUG_INFO = INCLUDE_SOURCE;
				MTL_FAST_MATH = YES;
				ONLY_ACTIVE_ARCH = YES;
				SDKROOT = iphoneos;
				SWIFT_ACTIVE_COMPILATION_CONDITIONS = DEBUG;
				SWIFT_OPTIMIZATION_LEVEL = "-Onone";
			};
			name = Debug;
		};
		99EC31EF26E5B01900A65FC9 /* Release */ = {
			isa = XCBuildConfiguration;
			buildSettings = {
				ALWAYS_SEARCH_USER_PATHS = NO;
				CLANG_ANALYZER_NONNULL = YES;
				CLANG_ANALYZER_NUMBER_OBJECT_CONVERSION = YES_AGGRESSIVE;
				CLANG_CXX_LANGUAGE_STANDARD = "gnu++14";
				CLANG_CXX_LIBRARY = "libc++";
				CLANG_ENABLE_MODULES = YES;
				CLANG_ENABLE_OBJC_ARC = YES;
				CLANG_ENABLE_OBJC_WEAK = YES;
				CLANG_WARN_BLOCK_CAPTURE_AUTORELEASING = YES;
				CLANG_WARN_BOOL_CONVERSION = YES;
				CLANG_WARN_COMMA = YES;
				CLANG_WARN_CONSTANT_CONVERSION = YES;
				CLANG_WARN_DEPRECATED_OBJC_IMPLEMENTATIONS = YES;
				CLANG_WARN_DIRECT_OBJC_ISA_USAGE = YES_ERROR;
				CLANG_WARN_DOCUMENTATION_COMMENTS = YES;
				CLANG_WARN_EMPTY_BODY = YES;
				CLANG_WARN_ENUM_CONVERSION = YES;
				CLANG_WARN_INFINITE_RECURSION = YES;
				CLANG_WARN_INT_CONVERSION = YES;
				CLANG_WARN_NON_LITERAL_NULL_CONVERSION = YES;
				CLANG_WARN_OBJC_IMPLICIT_RETAIN_SELF = YES;
				CLANG_WARN_OBJC_LITERAL_CONVERSION = YES;
				CLANG_WARN_OBJC_ROOT_CLASS = YES_ERROR;
				CLANG_WARN_QUOTED_INCLUDE_IN_FRAMEWORK_HEADER = YES;
				CLANG_WARN_RANGE_LOOP_ANALYSIS = YES;
				CLANG_WARN_STRICT_PROTOTYPES = YES;
				CLANG_WARN_SUSPICIOUS_MOVE = YES;
				CLANG_WARN_UNGUARDED_AVAILABILITY = YES_AGGRESSIVE;
				CLANG_WARN_UNREACHABLE_CODE = YES;
				CLANG_WARN__DUPLICATE_METHOD_MATCH = YES;
				COPY_PHASE_STRIP = NO;
				DEBUG_INFORMATION_FORMAT = "dwarf-with-dsym";
				ENABLE_NS_ASSERTIONS = NO;
				ENABLE_STRICT_OBJC_MSGSEND = YES;
				GCC_C_LANGUAGE_STANDARD = gnu11;
				GCC_NO_COMMON_BLOCKS = YES;
				GCC_WARN_64_TO_32_BIT_CONVERSION = YES;
				GCC_WARN_ABOUT_RETURN_TYPE = YES_ERROR;
				GCC_WARN_UNDECLARED_SELECTOR = YES;
				GCC_WARN_UNINITIALIZED_AUTOS = YES_AGGRESSIVE;
				GCC_WARN_UNUSED_FUNCTION = YES;
				GCC_WARN_UNUSED_VARIABLE = YES;
				IPHONEOS_DEPLOYMENT_TARGET = 14.5;
				MTL_ENABLE_DEBUG_INFO = NO;
				MTL_FAST_MATH = YES;
				SDKROOT = iphoneos;
				SWIFT_COMPILATION_MODE = wholemodule;
				SWIFT_OPTIMIZATION_LEVEL = "-O";
				VALIDATE_PRODUCT = YES;
			};
			name = Release;
		};
		99EC31F126E5B01900A65FC9 /* Debug */ = {
			isa = XCBuildConfiguration;
			buildSettings = {
				ASSETCATALOG_COMPILER_APPICON_NAME = AppIcon;
				ASSETCATALOG_COMPILER_GLOBAL_ACCENT_COLOR_NAME = AccentColor;
				CODE_SIGN_STYLE = Automatic;
				DEVELOPMENT_ASSET_PATHS = "\"Firey Flag Raising/Preview Content\"";
				ENABLE_PREVIEWS = YES;
				INFOPLIST_FILE = "Firey Flag Raising/Info.plist";
				IPHONEOS_DEPLOYMENT_TARGET = 14.0;
				LD_RUNPATH_SEARCH_PATHS = (
					"$(inherited)",
					"@executable_path/Frameworks",
				);
				PRODUCT_BUNDLE_IDENTIFIER = "sg.rgs.alyssa.Firey-Flag-Raising";
				PRODUCT_NAME = "$(TARGET_NAME)";
				SWIFT_VERSION = 5.0;
				TARGETED_DEVICE_FAMILY = "1,2";
			};
			name = Debug;
		};
		99EC31F226E5B01900A65FC9 /* Release */ = {
			isa = XCBuildConfiguration;
			buildSettings = {
				ASSETCATALOG_COMPILER_APPICON_NAME = AppIcon;
				ASSETCATALOG_COMPILER_GLOBAL_ACCENT_COLOR_NAME = AccentColor;
				CODE_SIGN_STYLE = Automatic;
				DEVELOPMENT_ASSET_PATHS = "\"Firey Flag Raising/Preview Content\"";
				ENABLE_PREVIEWS = YES;
				INFOPLIST_FILE = "Firey Flag Raising/Info.plist";
				IPHONEOS_DEPLOYMENT_TARGET = 14.0;
				LD_RUNPATH_SEARCH_PATHS = (
					"$(inherited)",
					"@executable_path/Frameworks",
				);
				PRODUCT_BUNDLE_IDENTIFIER = "sg.rgs.alyssa.Firey-Flag-Raising";
				PRODUCT_NAME = "$(TARGET_NAME)";
				SWIFT_VERSION = 5.0;
				TARGETED_DEVICE_FAMILY = "1,2";
			};
			name = Release;
		};
/* End XCBuildConfiguration section */

/* Begin XCConfigurationList section */
		99EC31DC26E5B01400A65FC9 /* Build configuration list for PBXProject "Firey Flag Raising" */ = {
			isa = XCConfigurationList;
			buildConfigurations = (
				99EC31EE26E5B01900A65FC9 /* Debug */,
				99EC31EF26E5B01900A65FC9 /* Release */,
			);
			defaultConfigurationIsVisible = 0;
			defaultConfigurationName = Release;
		};
		99EC31F026E5B01900A65FC9 /* Build configuration list for PBXNativeTarget "Firey Flag Raising" */ = {
			isa = XCConfigurationList;
			buildConfigurations = (
				99EC31F126E5B01900A65FC9 /* Debug */,
				99EC31F226E5B01900A65FC9 /* Release */,
			);
			defaultConfigurationIsVisible = 0;
			defaultConfigurationName = Release;
		};
/* End XCConfigurationList section */
	};
	rootObject = 99EC31D926E5B01400A65FC9 /* Project object */;
}
